{
  "version": 4,
  "terraform_version": "1.14.0",
  "serial": 59,
  "lineage": "dc1336aa-bdd0-e65a-984b-ddf1e0a1f2c4",
  "outputs": {
    "adresse_ip_publique": {
      "value": "4.233.87.143",
      "type": "string"
    },
    "vm_private_ip": {
      "value": "10.0.1.4",
      "type": "string"
    }
  },
  "resources": [
    {
      "mode": "managed",
      "type": "azurerm_linux_virtual_machine",
      "name": "mon_serveur_web",
      "provider": "provider[\"registry.terraform.io/hashicorp/azurerm\"]",
      "instances": [
        {
          "schema_version": 0,
          "attributes": {
            "additional_capabilities": [],
            "admin_password": null,
            "admin_ssh_key": [
              {
                "public_key": "ssh-rsa AAAAB3NzaC1yc2EAAAADAQABAAABgQC/CiP3F0vwxA12DTxMj765+7JBkMC9AVdVE+vaDhwXT9Y9TOvxKJT8BU4aOzuLV3OPMUqYUdzsfBmBQBAOU4OAIFIueM8/8u6ea4eiIQl6v64lleCHdIWRa9YC21rQvTzqrrl3T1+85/lgByTqDH7LpXUXb8kWHERoLw60pWicDG1NBmyPPC75V7SFQ2Bu+LwA5CJ9WG2XDagMdW4ulYm41kwjJO9Qik1PyBKgyU7iHa2xXCYIGHrYDcqEl/8FBB4p48CKViN79EoRUl1wbZD1ur4giYwJTdtcjp29RkefnpWa3bsWvChAqH8blNACHITHoZrwl48KmY/6zWDUF0uPzv5ZAI2H1ambbCACg9e7w2BAQsKtxO15mdctjvzywHZkjEqaPGPGDRgsHp+kE+EqPfZmYdAnEIQlET+NTKXQPWMBaxRshv0f+JKlasu1eo6127LpJAMRIwouRZ98dnHZfAQCy16m8R3FMai2IaTwceF3ezvNtV9+rPsCh4YzP00= kengn@LAPTOP-LSKSR0EF\r\n",
                "username": "adminuser"
              }
            ],
            "admin_username": "adminuser",
            "allow_extension_operations": true,
            "availability_set_id": "",
            "boot_diagnostics": [],
            "bypass_platform_safety_checks_on_user_schedule_enabled": false,
            "capacity_reservation_group_id": "",
            "computer_name": "serveur-web-tp",
            "custom_data": "IyEvYmluL2Jhc2gKYXB0LWdldCB1cGRhdGUgLXkKYXB0LWdldCBpbnN0YWxsIC15IGFwYWNoZTIKc3lzdGVtY3RsIHN0YXJ0IGFwYWNoZTIKc3lzdGVtY3RsIGVuYWJsZSBhcGFjaGUyCmVjaG8gIjxoMT5CcmF2byAhIFZvdHJlIHNlcnZldXIgV2ViIEF6dXJlIFRlcnJhZm9ybSBmb25jdGlvbm5lLjwvaDE+IiA+IC92YXIvd3d3L2h0bWwvaW5kZXguaHRtbA==",
            "dedicated_host_group_id": "",
            "dedicated_host_id": "",
            "disable_password_authentication": true,
            "disk_controller_type": "",
            "edge_zone": "",
            "encryption_at_host_enabled": false,
            "eviction_policy": "",
            "extensions_time_budget": "PT1H30M",
            "gallery_application": [],
            "id": "/subscriptions/fce483a5-15f1-49b0-80f6-3bec3eb8909c/resourceGroups/rg-tp-terraform/providers/Microsoft.Compute/virtualMachines/serveur-web-tp",
            "identity": [],
            "license_type": "",
            "location": "francecentral",
            "max_bid_price": -1,
            "name": "serveur-web-tp",
            "network_interface_ids": [
              "/subscriptions/fce483a5-15f1-49b0-80f6-3bec3eb8909c/resourceGroups/rg-tp-terraform/providers/Microsoft.Network/networkInterfaces/nic-web"
            ],
            "os_disk": [
              {
                "caching": "ReadWrite",
                "diff_disk_settings": [],
                "disk_encryption_set_id": "",
                "disk_size_gb": 30,
                "name": "serveur-web-tp_OsDisk_1_c59c82c7a2ab4820b17007106c1b637b",
                "secure_vm_disk_encryption_set_id": "",
                "security_encryption_type": "",
                "storage_account_type": "Standard_LRS",
                "write_accelerator_enabled": false
              }
            ],
            "os_image_notification": [],
            "patch_assessment_mode": "ImageDefault",
            "patch_mode": "ImageDefault",
            "plan": [],
            "platform_fault_domain": -1,
            "priority": "Regular",
            "private_ip_address": "10.0.1.4",
            "private_ip_addresses": [
              "10.0.1.4"
            ],
            "provision_vm_agent": true,
            "proximity_placement_group_id": "",
            "public_ip_address": "4.233.87.143",
            "public_ip_addresses": [
              "4.233.87.143"
            ],
            "reboot_setting": "",
            "resource_group_name": "rg-tp-terraform",
            "secret": [],
            "secure_boot_enabled": false,
            "size": "Standard_D2s_v3",
            "source_image_id": "",
            "source_image_reference": [
              {
                "offer": "0001-com-ubuntu-server-jammy",
                "publisher": "Canonical",
                "sku": "22_04-lts",
                "version": "latest"
              }
            ],
            "tags": {
              "environment": "TP-Terraform"
            },
            "termination_notification": [],
            "timeouts": null,
            "user_data": "",
            "virtual_machine_id": "7a62758f-9adf-4c3a-9eb8-78da61f2e184",
            "virtual_machine_scale_set_id": "",
            "vm_agent_platform_updates_enabled": false,
            "vtpm_enabled": false,
            "zone": ""
          },
          "sensitive_attributes": [
            [
              {
                "type": "get_attr",
                "value": "admin_password"
              }
            ],
            [
              {
                "type": "get_attr",
                "value": "custom_data"
              }
            ]
          ],
          "identity_schema_version": 0,
          "private": "eyJlMmJmYjczMC1lY2FhLTExZTYtOGY4OC0zNDM2M2JjN2M0YzAiOnsiY3JlYXRlIjoyNzAwMDAwMDAwMDAwLCJkZWxldGUiOjI3MDAwMDAwMDAwMDAsInJlYWQiOjMwMDAwMDAwMDAwMCwidXBkYXRlIjoyNzAwMDAwMDAwMDAwfX0=",
          "dependencies": [
            "azurerm_network_interface.nic",
            "azurerm_public_ip.public_ip",
            "azurerm_resource_group.rg",
            "azurerm_subnet.subnet",
            "azurerm_virtual_network.vnet"
          ]
        }
      ]
    },
    {
      "mode": "managed",
      "type": "azurerm_network_interface",
      "name": "nic",
      "provider": "provider[\"registry.terraform.io/hashicorp/azurerm\"]",
      "instances": [
        {
          "schema_version": 0,
          "attributes": {
            "accelerated_networking_enabled": false,
            "applied_dns_servers": [],
            "auxiliary_mode": "",
            "auxiliary_sku": "",
            "dns_servers": [],
            "edge_zone": "",
            "enable_accelerated_networking": false,
            "enable_ip_forwarding": false,
            "id": "/subscriptions/fce483a5-15f1-49b0-80f6-3bec3eb8909c/resourceGroups/rg-tp-terraform/providers/Microsoft.Network/networkInterfaces/nic-web",
            "internal_dns_name_label": "",
            "internal_domain_name_suffix": "reem0caprn1ujfpondsj2mg4ua.parx.internal.cloudapp.net",
            "ip_configuration": [
              {
                "gateway_load_balancer_frontend_ip_configuration_id": "",
                "name": "internal",
                "primary": true,
                "private_ip_address": "10.0.1.4",
                "private_ip_address_allocation": "Dynamic",
                "private_ip_address_version": "IPv4",
                "public_ip_address_id": "/subscriptions/fce483a5-15f1-49b0-80f6-3bec3eb8909c/resourceGroups/rg-tp-terraform/providers/Microsoft.Network/publicIPAddresses/public-ip-web",
                "subnet_id": "/subscriptions/fce483a5-15f1-49b0-80f6-3bec3eb8909c/resourceGroups/rg-tp-terraform/providers/Microsoft.Network/virtualNetworks/vnet-tp/subnets/subnet-web"
              }
            ],
            "ip_forwarding_enabled": false,
            "location": "francecentral",
            "mac_address": "60-45-BD-6B-C0-24",
            "name": "nic-web",
            "private_ip_address": "10.0.1.4",
            "private_ip_addresses": [
              "10.0.1.4"
            ],
            "resource_group_name": "rg-tp-terraform",
            "tags": {
              "environment": "TP-Terraform"
            },
            "timeouts": null,
            "virtual_machine_id": "/subscriptions/fce483a5-15f1-49b0-80f6-3bec3eb8909c/resourceGroups/rg-tp-terraform/providers/Microsoft.Compute/virtualMachines/serveur-web-tp"
          },
          "sensitive_attributes": [],
          "identity_schema_version": 0,
          "private": "eyJlMmJmYjczMC1lY2FhLTExZTYtOGY4OC0zNDM2M2JjN2M0YzAiOnsiY3JlYXRlIjoxODAwMDAwMDAwMDAwLCJkZWxldGUiOjE4MDAwMDAwMDAwMDAsInJlYWQiOjMwMDAwMDAwMDAwMCwidXBkYXRlIjoxODAwMDAwMDAwMDAwfX0=",
          "dependencies": [
            "azurerm_public_ip.public_ip",
            "azurerm_resource_group.rg",
            "azurerm_subnet.subnet",
            "azurerm_virtual_network.vnet"
          ]
        }
      ]
    },
    {
      "mode": "managed",
      "type": "azurerm_network_interface_security_group_association",
      "name": "nsg_association",
      "provider": "provider[\"registry.terraform.io/hashicorp/azurerm\"]",
      "instances": [
        {
          "schema_version": 0,
          "attributes": {
            "id": "/subscriptions/fce483a5-15f1-49b0-80f6-3bec3eb8909c/resourceGroups/rg-tp-terraform/providers/Microsoft.Network/networkInterfaces/nic-web|/subscriptions/fce483a5-15f1-49b0-80f6-3bec3eb8909c/resourceGroups/rg-tp-terraform/providers/Microsoft.Network/networkSecurityGroups/nsg-web",
            "network_interface_id": "/subscriptions/fce483a5-15f1-49b0-80f6-3bec3eb8909c/resourceGroups/rg-tp-terraform/providers/Microsoft.Network/networkInterfaces/nic-web",
            "network_security_group_id": "/subscriptions/fce483a5-15f1-49b0-80f6-3bec3eb8909c/resourceGroups/rg-tp-terraform/providers/Microsoft.Network/networkSecurityGroups/nsg-web",
            "timeouts": null
          },
          "sensitive_attributes": [],
          "identity_schema_version": 0,
          "private": "eyJlMmJmYjczMC1lY2FhLTExZTYtOGY4OC0zNDM2M2JjN2M0YzAiOnsiY3JlYXRlIjoxODAwMDAwMDAwMDAwLCJkZWxldGUiOjE4MDAwMDAwMDAwMDAsInJlYWQiOjMwMDAwMDAwMDAwMH19",
          "dependencies": [
            "azurerm_network_interface.nic",
            "azurerm_network_security_group.web_nsg",
            "azurerm_public_ip.public_ip",
            "azurerm_resource_group.rg",
            "azurerm_subnet.subnet",
            "azurerm_virtual_network.vnet"
          ]
        }
      ]
    },
    {
      "mode": "managed",
      "type": "azurerm_network_security_group",
      "name": "web_nsg",
      "provider": "provider[\"registry.terraform.io/hashicorp/azurerm\"]",
      "instances": [
        {
          "schema_version": 0,
          "attributes": {
            "id": "/subscriptions/fce483a5-15f1-49b0-80f6-3bec3eb8909c/resourceGroups/rg-tp-terraform/providers/Microsoft.Network/networkSecurityGroups/nsg-web",
            "location": "francecentral",
            "name": "nsg-web",
            "resource_group_name": "rg-tp-terraform",
            "security_rule": [
              {
                "access": "Allow",
                "description": "",
                "destination_address_prefix": "*",
                "destination_address_prefixes": [],
                "destination_application_security_group_ids": [],
                "destination_port_range": "22",
                "destination_port_ranges": [],
                "direction": "Inbound",
                "name": "SSH",
                "priority": 1001,
                "protocol": "Tcp",
                "source_address_prefix": "*",
                "source_address_prefixes": [],
                "source_application_security_group_ids": [],
                "source_port_range": "*",
                "source_port_ranges": []
              },
              {
                "access": "Allow",
                "description": "",
                "destination_address_prefix": "*",
                "destination_address_prefixes": [],
                "destination_application_security_group_ids": [],
                "destination_port_range": "80",
                "destination_port_ranges": [],
                "direction": "Inbound",
                "name": "HTTP",
                "priority": 1002,
                "protocol": "Tcp",
                "source_address_prefix": "*",
                "source_address_prefixes": [],
                "source_application_security_group_ids": [],
                "source_port_range": "*",
                "source_port_ranges": []
              }
            ],
            "tags": {
              "environment": "TP-Terraform"
            },
            "timeouts": null
          },
          "sensitive_attributes": [],
          "identity_schema_version": 0,
          "private": "eyJlMmJmYjczMC1lY2FhLTExZTYtOGY4OC0zNDM2M2JjN2M0YzAiOnsiY3JlYXRlIjoxODAwMDAwMDAwMDAwLCJkZWxldGUiOjE4MDAwMDAwMDAwMDAsInJlYWQiOjMwMDAwMDAwMDAwMCwidXBkYXRlIjoxODAwMDAwMDAwMDAwfX0=",
          "dependencies": [
            "azurerm_resource_group.rg"
          ]
        }
      ]
    },
    {
      "mode": "managed",
      "type": "azurerm_public_ip",
      "name": "public_ip",
      "provider": "provider[\"registry.terraform.io/hashicorp/azurerm\"]",
      "instances": [
        {
          "schema_version": 0,
          "attributes": {
            "allocation_method": "Static",
            "ddos_protection_mode": "VirtualNetworkInherited",
            "ddos_protection_plan_id": null,
            "domain_name_label": null,
            "edge_zone": "",
            "fqdn": null,
            "id": "/subscriptions/fce483a5-15f1-49b0-80f6-3bec3eb8909c/resourceGroups/rg-tp-terraform/providers/Microsoft.Network/publicIPAddresses/public-ip-web",
            "idle_timeout_in_minutes": 4,
            "ip_address": "4.233.87.143",
            "ip_tags": {},
            "ip_version": "IPv4",
            "location": "francecentral",
            "name": "public-ip-web",
            "public_ip_prefix_id": null,
            "resource_group_name": "rg-tp-terraform",
            "reverse_fqdn": null,
            "sku": "Standard",
            "sku_tier": "Regional",
            "tags": {
              "environment": "TP-Terraform"
            },
            "timeouts": null,
            "zones": []
          },
          "sensitive_attributes": [],
          "identity_schema_version": 0,
          "private": "eyJlMmJmYjczMC1lY2FhLTExZTYtOGY4OC0zNDM2M2JjN2M0YzAiOnsiY3JlYXRlIjoxODAwMDAwMDAwMDAwLCJkZWxldGUiOjE4MDAwMDAwMDAwMDAsInJlYWQiOjMwMDAwMDAwMDAwMCwidXBkYXRlIjoxODAwMDAwMDAwMDAwfX0=",
          "dependencies": [
            "azurerm_resource_group.rg"
          ]
        }
      ]
    },
    {
      "mode": "managed",
      "type": "azurerm_resource_group",
      "name": "rg",
      "provider": "provider[\"registry.terraform.io/hashicorp/azurerm\"]",
      "instances": [
        {
          "schema_version": 0,
          "attributes": {
            "id": "/subscriptions/fce483a5-15f1-49b0-80f6-3bec3eb8909c/resourceGroups/rg-tp-terraform",
            "location": "francecentral",
            "managed_by": "",
            "name": "rg-tp-terraform",
            "tags": {
              "environment": "TP-Terraform"
            },
            "timeouts": null
          },
          "sensitive_attributes": [],
          "identity_schema_version": 0,
          "private": "eyJlMmJmYjczMC1lY2FhLTExZTYtOGY4OC0zNDM2M2JjN2M0YzAiOnsiY3JlYXRlIjo1NDAwMDAwMDAwMDAwLCJkZWxldGUiOjU0MDAwMDAwMDAwMDAsInJlYWQiOjMwMDAwMDAwMDAwMCwidXBkYXRlIjo1NDAwMDAwMDAwMDAwfX0="
        }
      ]
    },
    {
      "mode": "managed",
      "type": "azurerm_subnet",
      "name": "subnet",
      "provider": "provider[\"registry.terraform.io/hashicorp/azurerm\"]",
      "instances": [
        {
          "schema_version": 0,
          "attributes": {
            "address_prefixes": [
              "10.0.1.0/24"
            ],
            "default_outbound_access_enabled": true,
            "delegation": [],
            "enforce_private_link_endpoint_network_policies": false,
            "enforce_private_link_service_network_policies": false,
            "id": "/subscriptions/fce483a5-15f1-49b0-80f6-3bec3eb8909c/resourceGroups/rg-tp-terraform/providers/Microsoft.Network/virtualNetworks/vnet-tp/subnets/subnet-web",
            "name": "subnet-web",
            "private_endpoint_network_policies": "Enabled",
            "private_endpoint_network_policies_enabled": true,
            "private_link_service_network_policies_enabled": true,
            "resource_group_name": "rg-tp-terraform",
            "service_endpoint_policy_ids": [],
            "service_endpoints": [],
            "timeouts": null,
            "virtual_network_name": "vnet-tp"
          },
          "sensitive_attributes": [],
          "identity_schema_version": 0,
          "private": "eyJlMmJmYjczMC1lY2FhLTExZTYtOGY4OC0zNDM2M2JjN2M0YzAiOnsiY3JlYXRlIjoxODAwMDAwMDAwMDAwLCJkZWxldGUiOjE4MDAwMDAwMDAwMDAsInJlYWQiOjMwMDAwMDAwMDAwMCwidXBkYXRlIjoxODAwMDAwMDAwMDAwfX0=",
          "dependencies": [
            "azurerm_resource_group.rg",
            "azurerm_virtual_network.vnet"
          ]
        }
      ]
    },
    {
      "mode": "managed",
      "type": "azurerm_virtual_network",
      "name": "vnet",
      "provider": "provider[\"registry.terraform.io/hashicorp/azurerm\"]",
      "instances": [
        {
          "schema_version": 0,
          "attributes": {
            "address_space": [
              "10.0.0.0/16"
            ],
            "bgp_community": "",
            "ddos_protection_plan": [],
            "dns_servers": [],
            "edge_zone": "",
            "encryption": [],
            "flow_timeout_in_minutes": 0,
            "guid": "08cd0889-8b0f-4477-95ee-68e49e30dea0",
            "id": "/subscriptions/fce483a5-15f1-49b0-80f6-3bec3eb8909c/resourceGroups/rg-tp-terraform/providers/Microsoft.Network/virtualNetworks/vnet-tp",
            "location": "francecentral",
            "name": "vnet-tp",
            "resource_group_name": "rg-tp-terraform",
            "subnet": [
              {
                "address_prefix": "10.0.1.0/24",
                "id": "/subscriptions/fce483a5-15f1-49b0-80f6-3bec3eb8909c/resourceGroups/rg-tp-terraform/providers/Microsoft.Network/virtualNetworks/vnet-tp/subnets/subnet-web",
                "name": "subnet-web",
                "security_group": ""
              }
            ],
            "tags": {
              "environment": "TP-Terraform"
            },
            "timeouts": null
          },
          "sensitive_attributes": [],
          "identity_schema_version": 0,
          "private": "eyJlMmJmYjczMC1lY2FhLTExZTYtOGY4OC0zNDM2M2JjN2M0YzAiOnsiY3JlYXRlIjoxODAwMDAwMDAwMDAwLCJkZWxldGUiOjE4MDAwMDAwMDAwMDAsInJlYWQiOjMwMDAwMDAwMDAwMCwidXBkYXRlIjoxODAwMDAwMDAwMDAwfX0=",
          "dependencies": [
            "azurerm_resource_group.rg"
          ]
        }
      ]
    }
  ],
  "check_results": null
}
